
Microsoft Visual Studio Solution File, Format Version 12.00
# Visual Studio Version 17
VisualStudioVersion = 17.2.32602.215
MinimumVisualStudioVersion = 10.0.40219.1
Project("{FAE04EC0-301F-11D3-BF4B-00C04F79EFBC}") = "Dev-Launcher", "Dev-Launcher\Dev-Launcher.csproj", "{4CD55112-D1C6-489F-9924-25D963B067B9}"
EndProject
Global
	GlobalSection(SolutionConfigurationPlatforms) = preSolution
		Debug|Any CPU = Debug|Any CPU
		Release|Any CPU = Release|Any CPU
	EndGlobalSection
	GlobalSection(ProjectConfigurationPlatforms) = postSolution
		{4CD55112-D1C6-489F-9924-25D963B067B9}.Debug|Any CPU.ActiveCfg = Debug|Any CPU
		{4CD55112-D1C6-489F-9924-25D963B067B9}.Debug|Any CPU.Build.0 = Debug|Any CPU
		{4CD55112-D1C6-489F-9924-25D963B067B9}.Release|Any CPU.ActiveCfg = Release|Any CPU
		{4CD55112-D1C6-489F-9924-25D963B067B9}.Release|Any CPU.Build.0 = Release|Any CPU
	EndGlobalSection
	GlobalSection(SolutionProperties) = preSolution
		HideSolutionNode = FALSE
	EndGlobalSection
	GlobalSection(ExtensibilityGlobals) = postSolution
		SolutionGuid = {2805EE43-2229-42D3-888C-58E751DB35B2}
	EndGlobalSection
EndGlobal
